
Microsoft Visual Studio Solution File, Format Version 12.00
# Visual Studio Version 17
VisualStudioVersion = 17.12.35707.178 d17.12
MinimumVisualStudioVersion = 10.0.40219.1
Project("{FAE04EC0-301F-11D3-BF4B-00C04F79EFBC}") = "CrossPlatformShare", "CrossPlatformShare\CrossPlatformShare.csproj", "{6CD7E404-0AB4-4206-B727-4A8E6045E9D4}"
EndProject
Global
	GlobalSection(SolutionConfigurationPlatforms) = preSolution
		Debug|Any CPU = Debug|Any CPU
		Release|Any CPU = Release|Any CPU
	EndGlobalSection
	GlobalSection(ProjectConfigurationPlatforms) = postSolution
		{6CD7E404-0AB4-4206-B727-4A8E6045E9D4}.Debug|Any CPU.ActiveCfg = Debug|Any CPU
		{6CD7E404-0AB4-4206-B727-4A8E6045E9D4}.Debug|Any CPU.Build.0 = Debug|Any CPU
		{6CD7E404-0AB4-4206-B727-4A8E6045E9D4}.Debug|Any CPU.Deploy.0 = Debug|Any CPU
		{6CD7E404-0AB4-4206-B727-4A8E6045E9D4}.Release|Any CPU.ActiveCfg = Release|Any CPU
		{6CD7E404-0AB4-4206-B727-4A8E6045E9D4}.Release|Any CPU.Build.0 = Release|Any CPU
		{6CD7E404-0AB4-4206-B727-4A8E6045E9D4}.Release|Any CPU.Deploy.0 = Release|Any CPU
	EndGlobalSection
	GlobalSection(SolutionProperties) = preSolution
		HideSolutionNode = FALSE
	EndGlobalSection
EndGlobal
